<?xml version="1.0" encoding="utf-8"?>
<Project ToolsVersion="4.0" xmlns="http://schemas.microsoft.com/developer/msbuild/2003">
  <ItemGroup>
    <Filter Include="Source Files">
      <UniqueIdentifier>{4FC737F1-C7A5-4376-A066-2A32D752A2FF}</UniqueIdentifier>
      <Extensions>cpp;cc</Extensions>
    </Filter>
  </ItemGroup>
  <ItemGroup>
    <ClCompile Include="ExampleCircle.cpp">
      <Filter>Source Files</Filter>
    </ClCompile>
    <ClCompile Include="Clock.cpp">
      <Filter>Source Files</Filter>
    </ClCompile>
    <ClCompile Include="RVOCircleRender.cpp">
      <Filter>Source Files</Filter>
    </ClCompile>
    <ClCompile Include="DensityMap.cpp">
      <Filter>Source Files</Filter>
    </ClCompile>
  </ItemGroup>
  <ItemGroup>
    <ClInclude Include="Clock.h">
      <Filter>Source Files</Filter>
    </ClInclude>
    <ClInclude Include="RVOCircleRender.h">
      <Filter>Source Files</Filter>
    </ClInclude>
    <ClInclude Include="DensityMap.h">
      <Filter>Source Files</Filter>
    </ClInclude>
  </ItemGroup>
</Project>